
Microsoft Visual Studio Solution File, Format Version 12.00
# Visual Studio Version 16
VisualStudioVersion = 16.0.28729.10
MinimumVisualStudioVersion = 10.0.40219.1
Project("{FAE04EC0-301F-11D3-BF4B-00C04F79EFBC}") = "SkyApm.Sample2.AspNet45", "sample2\SkyApm.Sample2.AspNet45\SkyApm.Sample2.AspNet45.csproj", "{D3AA1ACA-541A-433F-A9F1-B5F0AC776EFB}"
EndProject
Project("{FAE04EC0-301F-11D3-BF4B-00C04F79EFBC}") = "SkyApm.Sample2.AspNet45Console", "sample2\SkyApm.Sample2.AspNet45Console\SkyApm.Sample2.AspNet45Console.csproj", "{61E89F86-B9C1-4DD2-A647-43231F9A49A1}"
EndProject
Project("{FAE04EC0-301F-11D3-BF4B-00C04F79EFBC}") = "SkyApm.Sample2.AspNet461", "sample2\SkyApm.Sample2.AspNet461\SkyApm.Sample2.AspNet461.csproj", "{5891E459-9695-4CD7-8FE9-832013D1EE09}"
EndProject
Project("{9A19103F-16F7-4668-BE54-9A1E7A4F7556}") = "SkyApm.Sample2.NetCoreThrift", "sample2\SkyApm.Sample2.NetCoreThrift\SkyApm.Sample2.NetCoreThrift.csproj", "{BE8D8E9E-A754-430F-8E7F-35106A07DFF8}"
EndProject
Project("{9A19103F-16F7-4668-BE54-9A1E7A4F7556}") = "SkyApm.Sample2.NetCoreWeb", "sample2\SkyApm.Sample2.NetCoreWeb\SkyApm.Sample2.NetCoreWeb.csproj", "{C9CFDA64-F243-467C-B1CF-E103D9114B93}"
EndProject
Global
	GlobalSection(SolutionConfigurationPlatforms) = preSolution
		Debug|Any CPU = Debug|Any CPU
		Release|Any CPU = Release|Any CPU
	EndGlobalSection
	GlobalSection(ProjectConfigurationPlatforms) = postSolution
		{D3AA1ACA-541A-433F-A9F1-B5F0AC776EFB}.Debug|Any CPU.ActiveCfg = Debug|Any CPU
		{D3AA1ACA-541A-433F-A9F1-B5F0AC776EFB}.Debug|Any CPU.Build.0 = Debug|Any CPU
		{D3AA1ACA-541A-433F-A9F1-B5F0AC776EFB}.Release|Any CPU.ActiveCfg = Release|Any CPU
		{D3AA1ACA-541A-433F-A9F1-B5F0AC776EFB}.Release|Any CPU.Build.0 = Release|Any CPU
		{61E89F86-B9C1-4DD2-A647-43231F9A49A1}.Debug|Any CPU.ActiveCfg = Debug|Any CPU
		{61E89F86-B9C1-4DD2-A647-43231F9A49A1}.Debug|Any CPU.Build.0 = Debug|Any CPU
		{61E89F86-B9C1-4DD2-A647-43231F9A49A1}.Release|Any CPU.ActiveCfg = Release|Any CPU
		{61E89F86-B9C1-4DD2-A647-43231F9A49A1}.Release|Any CPU.Build.0 = Release|Any CPU
		{5891E459-9695-4CD7-8FE9-832013D1EE09}.Debug|Any CPU.ActiveCfg = Debug|Any CPU
		{5891E459-9695-4CD7-8FE9-832013D1EE09}.Debug|Any CPU.Build.0 = Debug|Any CPU
		{5891E459-9695-4CD7-8FE9-832013D1EE09}.Release|Any CPU.ActiveCfg = Release|Any CPU
		{5891E459-9695-4CD7-8FE9-832013D1EE09}.Release|Any CPU.Build.0 = Release|Any CPU
		{BE8D8E9E-A754-430F-8E7F-35106A07DFF8}.Debug|Any CPU.ActiveCfg = Debug|Any CPU
		{BE8D8E9E-A754-430F-8E7F-35106A07DFF8}.Debug|Any CPU.Build.0 = Debug|Any CPU
		{BE8D8E9E-A754-430F-8E7F-35106A07DFF8}.Release|Any CPU.ActiveCfg = Release|Any CPU
		{BE8D8E9E-A754-430F-8E7F-35106A07DFF8}.Release|Any CPU.Build.0 = Release|Any CPU
		{C9CFDA64-F243-467C-B1CF-E103D9114B93}.Debug|Any CPU.ActiveCfg = Debug|Any CPU
		{C9CFDA64-F243-467C-B1CF-E103D9114B93}.Debug|Any CPU.Build.0 = Debug|Any CPU
		{C9CFDA64-F243-467C-B1CF-E103D9114B93}.Release|Any CPU.ActiveCfg = Release|Any CPU
		{C9CFDA64-F243-467C-B1CF-E103D9114B93}.Release|Any CPU.Build.0 = Release|Any CPU
	EndGlobalSection
	GlobalSection(SolutionProperties) = preSolution
		HideSolutionNode = FALSE
	EndGlobalSection
	GlobalSection(ExtensibilityGlobals) = postSolution
		SolutionGuid = {915DD1C2-2CAD-446B-80FA-7DD4EF5B39E5}
	EndGlobalSection
EndGlobal
