
Microsoft Visual Studio Solution File, Format Version 12.00
# Visual Studio Version 16
VisualStudioVersion = 16.0.28729.10
MinimumVisualStudioVersion = 10.0.40219.1
Project("{9A19103F-16F7-4668-BE54-9A1E7A4F7556}") = "SkyApm.Abstractions", "..\src\SkyApm.Abstractions\SkyApm.Abstractions.csproj", "{B8EE0D98-F68F-428A-9AFE-471589FC0A0C}"
EndProject
Project("{9A19103F-16F7-4668-BE54-9A1E7A4F7556}") = "SkyApm.Core", "..\src\SkyApm.Core\SkyApm.Core.csproj", "{3446098C-FA5A-4A73-B0F8-B15A89F365FE}"
EndProject
Project("{9A19103F-16F7-4668-BE54-9A1E7A4F7556}") = "SkyApm.Thrift", "..\src\SkyApm.Thrift\SkyApm.Thrift.csproj", "{61B5B453-6B7E-4E1A-AC9C-902E9182E042}"
EndProject
Project("{9A19103F-16F7-4668-BE54-9A1E7A4F7556}") = "SkyApm.Transport.Grpc", "..\src\SkyApm.Transport.Grpc\SkyApm.Transport.Grpc.csproj", "{70D58831-B201-45E0-840C-8A65479FD913}"
EndProject
Project("{9A19103F-16F7-4668-BE54-9A1E7A4F7556}") = "SkyApm.Transport.Grpc.Protocol", "..\src\SkyApm.Transport.Grpc.Protocol\SkyApm.Transport.Grpc.Protocol.csproj", "{4FBAF3EC-A5FC-4773-B7EE-71F504700E1A}"
EndProject
Project("{9A19103F-16F7-4668-BE54-9A1E7A4F7556}") = "SkyApm.Utilities.Configuration", "..\src\SkyApm.Utilities.Configuration\SkyApm.Utilities.Configuration.csproj", "{F1DA7A60-61D0-4A1A-8924-5DE0D1807AD3}"
EndProject
Project("{9A19103F-16F7-4668-BE54-9A1E7A4F7556}") = "SkyApm.Utilities.DependencyInjection", "..\src\SkyApm.Utilities.DependencyInjection\SkyApm.Utilities.DependencyInjection.csproj", "{0244127F-8577-4E65-88CE-8F8A60155E2C}"
EndProject
Project("{9A19103F-16F7-4668-BE54-9A1E7A4F7556}") = "SkyApm.Utilities.Logging", "..\src\SkyApm.Utilities.Logging\SkyApm.Utilities.Logging.csproj", "{4EF4098B-F739-4252-832C-659D9AF577BE}"
EndProject
Project("{2150E333-8FDC-42A3-9474-1A3956D46DE8}") = "Core", "Core", "{3F665939-4160-47A6-956B-02C4B749E6E7}"
EndProject
Project("{2150E333-8FDC-42A3-9474-1A3956D46DE8}") = "Utilities", "Utilities", "{E9705D65-6F3B-4A97-9E42-C3D6CCCF067A}"
EndProject
Project("{2150E333-8FDC-42A3-9474-1A3956D46DE8}") = "Extensions", "Extensions", "{C58C50FC-5564-4183-AA88-8F3E853C5491}"
EndProject
Project("{2150E333-8FDC-42A3-9474-1A3956D46DE8}") = "sample", "sample", "{D3484401-5167-4B1C-8DDA-82AA48F52A05}"
EndProject
Project("{2150E333-8FDC-42A3-9474-1A3956D46DE8}") = "src", "src", "{FE203DC0-4981-483C-A629-2A8588552DE2}"
EndProject
Project("{9A19103F-16F7-4668-BE54-9A1E7A4F7556}") = "SkyApm.Sample.ThriftBackend", "..\sample\SkyApm.Sample.ThriftBackend\SkyApm.Sample.ThriftBackend.csproj", "{13C32EC0-451E-4A79-B634-5240E2D703E4}"
EndProject
Project("{2150E333-8FDC-42A3-9474-1A3956D46DE8}") = "Agent", "Agent", "{2D1AB71C-9255-4D3B-9EAD-C5E6FADB0367}"
EndProject
Project("{FAE04EC0-301F-11D3-BF4B-00C04F79EFBC}") = "SkyApm.Agent.NetCoreHost", "..\src\SkyApm.Agent.NetCoreHost\SkyApm.Agent.NetCoreHost.csproj", "{10F9536B-69DD-43C6-87DD-EC1C50EA5430}"
EndProject
Global
	GlobalSection(SolutionConfigurationPlatforms) = preSolution
		Debug|Any CPU = Debug|Any CPU
		Release|Any CPU = Release|Any CPU
	EndGlobalSection
	GlobalSection(ProjectConfigurationPlatforms) = postSolution
		{B8EE0D98-F68F-428A-9AFE-471589FC0A0C}.Debug|Any CPU.ActiveCfg = Debug|Any CPU
		{B8EE0D98-F68F-428A-9AFE-471589FC0A0C}.Debug|Any CPU.Build.0 = Debug|Any CPU
		{B8EE0D98-F68F-428A-9AFE-471589FC0A0C}.Release|Any CPU.ActiveCfg = Release|Any CPU
		{B8EE0D98-F68F-428A-9AFE-471589FC0A0C}.Release|Any CPU.Build.0 = Release|Any CPU
		{3446098C-FA5A-4A73-B0F8-B15A89F365FE}.Debug|Any CPU.ActiveCfg = Debug|Any CPU
		{3446098C-FA5A-4A73-B0F8-B15A89F365FE}.Debug|Any CPU.Build.0 = Debug|Any CPU
		{3446098C-FA5A-4A73-B0F8-B15A89F365FE}.Release|Any CPU.ActiveCfg = Release|Any CPU
		{3446098C-FA5A-4A73-B0F8-B15A89F365FE}.Release|Any CPU.Build.0 = Release|Any CPU
		{61B5B453-6B7E-4E1A-AC9C-902E9182E042}.Debug|Any CPU.ActiveCfg = Debug|Any CPU
		{61B5B453-6B7E-4E1A-AC9C-902E9182E042}.Debug|Any CPU.Build.0 = Debug|Any CPU
		{61B5B453-6B7E-4E1A-AC9C-902E9182E042}.Release|Any CPU.ActiveCfg = Release|Any CPU
		{61B5B453-6B7E-4E1A-AC9C-902E9182E042}.Release|Any CPU.Build.0 = Release|Any CPU
		{70D58831-B201-45E0-840C-8A65479FD913}.Debug|Any CPU.ActiveCfg = Debug|Any CPU
		{70D58831-B201-45E0-840C-8A65479FD913}.Debug|Any CPU.Build.0 = Debug|Any CPU
		{70D58831-B201-45E0-840C-8A65479FD913}.Release|Any CPU.ActiveCfg = Release|Any CPU
		{70D58831-B201-45E0-840C-8A65479FD913}.Release|Any CPU.Build.0 = Release|Any CPU
		{4FBAF3EC-A5FC-4773-B7EE-71F504700E1A}.Debug|Any CPU.ActiveCfg = Debug|Any CPU
		{4FBAF3EC-A5FC-4773-B7EE-71F504700E1A}.Debug|Any CPU.Build.0 = Debug|Any CPU
		{4FBAF3EC-A5FC-4773-B7EE-71F504700E1A}.Release|Any CPU.ActiveCfg = Release|Any CPU
		{4FBAF3EC-A5FC-4773-B7EE-71F504700E1A}.Release|Any CPU.Build.0 = Release|Any CPU
		{F1DA7A60-61D0-4A1A-8924-5DE0D1807AD3}.Debug|Any CPU.ActiveCfg = Debug|Any CPU
		{F1DA7A60-61D0-4A1A-8924-5DE0D1807AD3}.Debug|Any CPU.Build.0 = Debug|Any CPU
		{F1DA7A60-61D0-4A1A-8924-5DE0D1807AD3}.Release|Any CPU.ActiveCfg = Release|Any CPU
		{F1DA7A60-61D0-4A1A-8924-5DE0D1807AD3}.Release|Any CPU.Build.0 = Release|Any CPU
		{0244127F-8577-4E65-88CE-8F8A60155E2C}.Debug|Any CPU.ActiveCfg = Debug|Any CPU
		{0244127F-8577-4E65-88CE-8F8A60155E2C}.Debug|Any CPU.Build.0 = Debug|Any CPU
		{0244127F-8577-4E65-88CE-8F8A60155E2C}.Release|Any CPU.ActiveCfg = Release|Any CPU
		{0244127F-8577-4E65-88CE-8F8A60155E2C}.Release|Any CPU.Build.0 = Release|Any CPU
		{4EF4098B-F739-4252-832C-659D9AF577BE}.Debug|Any CPU.ActiveCfg = Debug|Any CPU
		{4EF4098B-F739-4252-832C-659D9AF577BE}.Debug|Any CPU.Build.0 = Debug|Any CPU
		{4EF4098B-F739-4252-832C-659D9AF577BE}.Release|Any CPU.ActiveCfg = Release|Any CPU
		{4EF4098B-F739-4252-832C-659D9AF577BE}.Release|Any CPU.Build.0 = Release|Any CPU
		{13C32EC0-451E-4A79-B634-5240E2D703E4}.Debug|Any CPU.ActiveCfg = Debug|Any CPU
		{13C32EC0-451E-4A79-B634-5240E2D703E4}.Debug|Any CPU.Build.0 = Debug|Any CPU
		{13C32EC0-451E-4A79-B634-5240E2D703E4}.Release|Any CPU.ActiveCfg = Release|Any CPU
		{13C32EC0-451E-4A79-B634-5240E2D703E4}.Release|Any CPU.Build.0 = Release|Any CPU
		{10F9536B-69DD-43C6-87DD-EC1C50EA5430}.Debug|Any CPU.ActiveCfg = Debug|Any CPU
		{10F9536B-69DD-43C6-87DD-EC1C50EA5430}.Debug|Any CPU.Build.0 = Debug|Any CPU
		{10F9536B-69DD-43C6-87DD-EC1C50EA5430}.Release|Any CPU.ActiveCfg = Release|Any CPU
		{10F9536B-69DD-43C6-87DD-EC1C50EA5430}.Release|Any CPU.Build.0 = Release|Any CPU
	EndGlobalSection
	GlobalSection(SolutionProperties) = preSolution
		HideSolutionNode = FALSE
	EndGlobalSection
	GlobalSection(NestedProjects) = preSolution
		{B8EE0D98-F68F-428A-9AFE-471589FC0A0C} = {3F665939-4160-47A6-956B-02C4B749E6E7}
		{3446098C-FA5A-4A73-B0F8-B15A89F365FE} = {3F665939-4160-47A6-956B-02C4B749E6E7}
		{61B5B453-6B7E-4E1A-AC9C-902E9182E042} = {C58C50FC-5564-4183-AA88-8F3E853C5491}
		{70D58831-B201-45E0-840C-8A65479FD913} = {3F665939-4160-47A6-956B-02C4B749E6E7}
		{4FBAF3EC-A5FC-4773-B7EE-71F504700E1A} = {3F665939-4160-47A6-956B-02C4B749E6E7}
		{F1DA7A60-61D0-4A1A-8924-5DE0D1807AD3} = {E9705D65-6F3B-4A97-9E42-C3D6CCCF067A}
		{0244127F-8577-4E65-88CE-8F8A60155E2C} = {E9705D65-6F3B-4A97-9E42-C3D6CCCF067A}
		{4EF4098B-F739-4252-832C-659D9AF577BE} = {E9705D65-6F3B-4A97-9E42-C3D6CCCF067A}
		{3F665939-4160-47A6-956B-02C4B749E6E7} = {FE203DC0-4981-483C-A629-2A8588552DE2}
		{E9705D65-6F3B-4A97-9E42-C3D6CCCF067A} = {FE203DC0-4981-483C-A629-2A8588552DE2}
		{C58C50FC-5564-4183-AA88-8F3E853C5491} = {FE203DC0-4981-483C-A629-2A8588552DE2}
		{13C32EC0-451E-4A79-B634-5240E2D703E4} = {D3484401-5167-4B1C-8DDA-82AA48F52A05}
		{2D1AB71C-9255-4D3B-9EAD-C5E6FADB0367} = {FE203DC0-4981-483C-A629-2A8588552DE2}
		{10F9536B-69DD-43C6-87DD-EC1C50EA5430} = {2D1AB71C-9255-4D3B-9EAD-C5E6FADB0367}
	EndGlobalSection
	GlobalSection(ExtensibilityGlobals) = postSolution
		SolutionGuid = {915DD1C2-2CAD-446B-80FA-7DD4EF5B39E5}
	EndGlobalSection
EndGlobal
